
Microsoft Visual Studio Solution File, Format Version 12.00
# Visual Studio Version 17
VisualStudioVersion = 17.4.33205.214
MinimumVisualStudioVersion = 10.0.40219.1
Project("{FAE04EC0-301F-11D3-BF4B-00C04F79EFBC}") = "TheDrot", "myBestShop\TheDrot.csproj", "{CCBCC136-48B1-4951-982C-7AA254F66A23}"
EndProject
Project("{FAE04EC0-301F-11D3-BF4B-00C04F79EFBC}") = "myBestShopTests", "myBestShopTests\myBestShopTests.csproj", "{1FA3D747-1668-42D3-A820-D036F69B0763}"
EndProject
Global
	GlobalSection(SolutionConfigurationPlatforms) = preSolution
		Debug|Any CPU = Debug|Any CPU
		Release|Any CPU = Release|Any CPU
	EndGlobalSection
	GlobalSection(ProjectConfigurationPlatforms) = postSolution
		{CCBCC136-48B1-4951-982C-7AA254F66A23}.Debug|Any CPU.ActiveCfg = Debug|Any CPU
		{CCBCC136-48B1-4951-982C-7AA254F66A23}.Debug|Any CPU.Build.0 = Debug|Any CPU
		{CCBCC136-48B1-4951-982C-7AA254F66A23}.Release|Any CPU.ActiveCfg = Release|Any CPU
		{CCBCC136-48B1-4951-982C-7AA254F66A23}.Release|Any CPU.Build.0 = Release|Any CPU
		{1FA3D747-1668-42D3-A820-D036F69B0763}.Debug|Any CPU.ActiveCfg = Debug|Any CPU
		{1FA3D747-1668-42D3-A820-D036F69B0763}.Debug|Any CPU.Build.0 = Debug|Any CPU
		{1FA3D747-1668-42D3-A820-D036F69B0763}.Release|Any CPU.ActiveCfg = Release|Any CPU
		{1FA3D747-1668-42D3-A820-D036F69B0763}.Release|Any CPU.Build.0 = Release|Any CPU
	EndGlobalSection
	GlobalSection(SolutionProperties) = preSolution
		HideSolutionNode = FALSE
	EndGlobalSection
	GlobalSection(ExtensibilityGlobals) = postSolution
		SolutionGuid = {1CE900D5-A38D-4AC1-B083-0A6C54CE4E68}
	EndGlobalSection
EndGlobal
